
Microsoft Visual Studio Solution File, Format Version 12.00
# Visual Studio 14
VisualStudioVersion = 14.0.25420.1
MinimumVisualStudioVersion = 10.0.40219.1
Project("{8BC9CEB8-8B4A-11D0-8D11-00A0C91BC942}") = "1_TwoSum", "TwoSum\TwoSum.vcxproj", "{BDCEB74B-8AA8-4939-931F-E98218A465F9}"
EndProject
Project("{8BC9CEB8-8B4A-11D0-8D11-00A0C91BC942}") = "7_ReverseInteger", "ReverseInteger\ReverseInteger.vcxproj", "{D83DB2B3-DFD8-496C-883A-1892F093FDA2}"
EndProject
Project("{8BC9CEB8-8B4A-11D0-8D11-00A0C91BC942}") = "9_PalindromeNumber", "PalindromeNumber\PalindromeNumber.vcxproj", "{B6671362-95BC-4202-899F-5A1DD5E577F7}"
EndProject
Project("{8BC9CEB8-8B4A-11D0-8D11-00A0C91BC942}") = "13_RoamanToInt", "RoamToInt\RoamToInt.vcxproj", "{7CEFE9B8-D277-4C9A-8B0A-FCB1FD12055E}"
EndProject
Project("{8BC9CEB8-8B4A-11D0-8D11-00A0C91BC942}") = "14_LongestCommonPrefix", "LongestCommonPrefix\LongestCommonPrefix.vcxproj", "{18FE151C-E940-4BD0-8FF6-B99526BFE30E}"
EndProject
Project("{8BC9CEB8-8B4A-11D0-8D11-00A0C91BC942}") = "20_Valid Parentheses", "Valid Parentheses\Valid Parentheses.vcxproj", "{0A431C75-FF49-443F-9CE8-400D1C2E8931}"
EndProject
Project("{8BC9CEB8-8B4A-11D0-8D11-00A0C91BC942}") = "2_AddTwoNumbers", "2_AddTwoNumbers\2_AddTwoNumbers.vcxproj", "{326B5FEF-A896-427B-A929-7CAD2B359C42}"
EndProject
Project("{8BC9CEB8-8B4A-11D0-8D11-00A0C91BC942}") = "12_IntToRoaman", "12_IntToRoaman\12_IntToRoaman.vcxproj", "{46BB54B6-2D9F-43EF-9D38-860B6F811DFD}"
EndProject
Project("{8BC9CEB8-8B4A-11D0-8D11-00A0C91BC942}") = "21_MergeSortedList", "21_MergeSortedList\21_MergeSortedList.vcxproj", "{EB9B6220-39D7-42E2-BD8D-BEF55F7BF65F}"
EndProject
Project("{8BC9CEB8-8B4A-11D0-8D11-00A0C91BC942}") = "28_ImplStrStr", "impl_strstr\impl_strstr.vcxproj", "{FFE7A5D7-D6E6-44A1-8F50-3271B7EDCB53}"
EndProject
Project("{8BC9CEB8-8B4A-11D0-8D11-00A0C91BC942}") = "35_SearchInsertPos", "SearchInsertPos\SearchInsertPos.vcxproj", "{D1F2BA52-EE63-4997-8897-F0761BC9CEFF}"
EndProject
Project("{8BC9CEB8-8B4A-11D0-8D11-00A0C91BC942}") = "58_LengthOfLastWord", "58_LengthOfLastWord\58_LengthOfLastWord.vcxproj", "{2DBAE205-E2CD-4BF8-B1C3-F37ACBC28578}"
EndProject
Project("{8BC9CEB8-8B4A-11D0-8D11-00A0C91BC942}") = "67_AddBinary", "67_AddBinary\67_AddBinary.vcxproj", "{F8519175-ABB7-4DB8-AF13-33131DD2D840}"
EndProject
Project("{8BC9CEB8-8B4A-11D0-8D11-00A0C91BC942}") = "66_PlusOne", "66_PlusOne\66_PlusOne.vcxproj", "{8FB021BC-8D19-4057-873C-839705B32B03}"
EndProject
Project("{8BC9CEB8-8B4A-11D0-8D11-00A0C91BC942}") = "659_ConsecutiveSubsequences", "659_ConsecutiveSubsequences\659_ConsecutiveSubsequences.vcxproj", "{5ADF1681-9D4D-4CCE-8241-59320441DCC8}"
EndProject
Project("{8BC9CEB8-8B4A-11D0-8D11-00A0C91BC942}") = "69_SqrtOfX", "69_SqrtOfX\69_SqrtOfX.vcxproj", "{97463CE2-55E1-4EE8-806F-D94D4F16EE05}"
EndProject
Project("{8BC9CEB8-8B4A-11D0-8D11-00A0C91BC942}") = "83_deleteDuplicates", "83_deleteDuplicates\83_deleteDuplicates.vcxproj", "{27CFC001-2738-4B41-AF3A-D82B32F08C71}"
EndProject
Project("{8BC9CEB8-8B4A-11D0-8D11-00A0C91BC942}") = "100_SameTree", "100_SameTree\100_SameTree.vcxproj", "{D7E20281-4364-49B2-B5D6-85887DDD0258}"
EndProject
Project("{8BC9CEB8-8B4A-11D0-8D11-00A0C91BC942}") = "101_SymmetricTree", "101_SymmetricTree\101_SymmetricTree.vcxproj", "{173BB0CD-ACEC-4831-BDBA-9F8A523FA8EB}"
EndProject
Project("{8BC9CEB8-8B4A-11D0-8D11-00A0C91BC942}") = "104_maxDepthOfTree", "104_maxDepthOfTree\104_maxDepthOfTree.vcxproj", "{6F76C3AC-A8DE-4A64-B273-4D781FA204C1}"
EndProject
Project("{8BC9CEB8-8B4A-11D0-8D11-00A0C91BC942}") = "108_PascalTriangle", "108_PascalTriangle\108_PascalTriangle.vcxproj", "{6D5E8545-B30F-4209-8D2C-9EE026735544}"
EndProject
Project("{8BC9CEB8-8B4A-11D0-8D11-00A0C91BC942}") = "136_SingleNumber", "136_SingleNumber\136_SingleNumber.vcxproj", "{671833B3-CACB-4CD2-841A-33C644853B42}"
EndProject
Project("{8BC9CEB8-8B4A-11D0-8D11-00A0C91BC942}") = "168_ExcelSheetColumnTitle", "168_ExcelSheetColumnTitle\168_ExcelSheetColumnTitle.vcxproj", "{901B3985-C72B-409D-95EE-59D59C53F873}"
EndProject
Project("{8BC9CEB8-8B4A-11D0-8D11-00A0C91BC942}") = "169_MajorityElement", "169_MajorityElement\169_MajorityElement.vcxproj", "{7FCC45C5-56EA-414C-B408-B27A75D70B23}"
EndProject
Project("{8BC9CEB8-8B4A-11D0-8D11-00A0C91BC942}") = "229_MajorityElement2", "229_MajorityElement2\229_MajorityElement2.vcxproj", "{C7F2E4FC-B431-4CD7-9CF6-6865D7A3134A}"
EndProject
Project("{8BC9CEB8-8B4A-11D0-8D11-00A0C91BC942}") = "172_FactorialTrailingZeroes", "172_FactorialTrailingZeroes\172_FactorialTrailingZeroes.vcxproj", "{94D46115-A0D0-4FCE-879A-753C18E0C9ED}"
EndProject
Project("{8BC9CEB8-8B4A-11D0-8D11-00A0C91BC942}") = "189_RotateArray", "189_RotateArray\189_RotateArray.vcxproj", "{E952B8D3-FF3B-446B-A69A-55808CE11C52}"
EndProject
Project("{8BC9CEB8-8B4A-11D0-8D11-00A0C91BC942}") = "190_ReverseBits", "190_ReverseBits\190_ReverseBits.vcxproj", "{59173CB5-5E90-42B0-A0F5-0B2A6D3C8E12}"
EndProject
Project("{8BC9CEB8-8B4A-11D0-8D11-00A0C91BC942}") = "112_PathSum", "112_PathSum\112_PathSum.vcxproj", "{25F3C06B-33DD-4BBC-9CB7-BAE9BCC28F05}"
EndProject
Project("{8BC9CEB8-8B4A-11D0-8D11-00A0C91BC942}") = "191_HammingWeight", "191_HammingWeight\191_HammingWeight.vcxproj", "{D9C3271A-21CA-4AB1-9EF5-D5B65828095D}"
EndProject
Project("{8BC9CEB8-8B4A-11D0-8D11-00A0C91BC942}") = "217_ContainsDuplicate", "217_ContainsDuplicate\217_ContainsDuplicate.vcxproj", "{DAC0BC8D-AB2C-49BD-8AB3-023F0B8811EE}"
EndProject
Project("{8BC9CEB8-8B4A-11D0-8D11-00A0C91BC942}") = "771_JewelsAndStones", "771_JewelsAndStones\771_JewelsAndStones.vcxproj", "{3E77B107-449E-4CA3-9DAE-24851D7F125D}"
EndProject
Project("{8BC9CEB8-8B4A-11D0-8D11-00A0C91BC942}") = "448_DisappearedNumber", "448_DisappearedNumber\448_DisappearedNumber.vcxproj", "{9617D251-15F0-4DD7-AD57-A291B67D19E0}"
EndProject
Project("{8BC9CEB8-8B4A-11D0-8D11-00A0C91BC942}") = "121_BuyAndSellStock", "121_BuyAndSellStock\121_BuyAndSellStock.vcxproj", "{4CE9A0D7-4939-4A21-AE4E-06BA384C097C}"
EndProject
Global
	GlobalSection(SolutionConfigurationPlatforms) = preSolution
		Debug|x64 = Debug|x64
		Debug|x86 = Debug|x86
		Release|x64 = Release|x64
		Release|x86 = Release|x86
	EndGlobalSection
	GlobalSection(ProjectConfigurationPlatforms) = postSolution
		{BDCEB74B-8AA8-4939-931F-E98218A465F9}.Debug|x64.ActiveCfg = Debug|x64
		{BDCEB74B-8AA8-4939-931F-E98218A465F9}.Debug|x64.Build.0 = Debug|x64
		{BDCEB74B-8AA8-4939-931F-E98218A465F9}.Debug|x86.ActiveCfg = Debug|Win32
		{BDCEB74B-8AA8-4939-931F-E98218A465F9}.Debug|x86.Build.0 = Debug|Win32
		{BDCEB74B-8AA8-4939-931F-E98218A465F9}.Release|x64.ActiveCfg = Release|x64
		{BDCEB74B-8AA8-4939-931F-E98218A465F9}.Release|x64.Build.0 = Release|x64
		{BDCEB74B-8AA8-4939-931F-E98218A465F9}.Release|x86.ActiveCfg = Release|Win32
		{BDCEB74B-8AA8-4939-931F-E98218A465F9}.Release|x86.Build.0 = Release|Win32
		{D83DB2B3-DFD8-496C-883A-1892F093FDA2}.Debug|x64.ActiveCfg = Debug|x64
		{D83DB2B3-DFD8-496C-883A-1892F093FDA2}.Debug|x64.Build.0 = Debug|x64
		{D83DB2B3-DFD8-496C-883A-1892F093FDA2}.Debug|x86.ActiveCfg = Debug|Win32
		{D83DB2B3-DFD8-496C-883A-1892F093FDA2}.Debug|x86.Build.0 = Debug|Win32
		{D83DB2B3-DFD8-496C-883A-1892F093FDA2}.Release|x64.ActiveCfg = Release|x64
		{D83DB2B3-DFD8-496C-883A-1892F093FDA2}.Release|x64.Build.0 = Release|x64
		{D83DB2B3-DFD8-496C-883A-1892F093FDA2}.Release|x86.ActiveCfg = Release|Win32
		{D83DB2B3-DFD8-496C-883A-1892F093FDA2}.Release|x86.Build.0 = Release|Win32
		{B6671362-95BC-4202-899F-5A1DD5E577F7}.Debug|x64.ActiveCfg = Debug|x64
		{B6671362-95BC-4202-899F-5A1DD5E577F7}.Debug|x64.Build.0 = Debug|x64
		{B6671362-95BC-4202-899F-5A1DD5E577F7}.Debug|x86.ActiveCfg = Debug|Win32
		{B6671362-95BC-4202-899F-5A1DD5E577F7}.Debug|x86.Build.0 = Debug|Win32
		{B6671362-95BC-4202-899F-5A1DD5E577F7}.Release|x64.ActiveCfg = Release|x64
		{B6671362-95BC-4202-899F-5A1DD5E577F7}.Release|x64.Build.0 = Release|x64
		{B6671362-95BC-4202-899F-5A1DD5E577F7}.Release|x86.ActiveCfg = Release|Win32
		{B6671362-95BC-4202-899F-5A1DD5E577F7}.Release|x86.Build.0 = Release|Win32
		{7CEFE9B8-D277-4C9A-8B0A-FCB1FD12055E}.Debug|x64.ActiveCfg = Debug|x64
		{7CEFE9B8-D277-4C9A-8B0A-FCB1FD12055E}.Debug|x64.Build.0 = Debug|x64
		{7CEFE9B8-D277-4C9A-8B0A-FCB1FD12055E}.Debug|x86.ActiveCfg = Debug|Win32
		{7CEFE9B8-D277-4C9A-8B0A-FCB1FD12055E}.Debug|x86.Build.0 = Debug|Win32
		{7CEFE9B8-D277-4C9A-8B0A-FCB1FD12055E}.Release|x64.ActiveCfg = Release|x64
		{7CEFE9B8-D277-4C9A-8B0A-FCB1FD12055E}.Release|x64.Build.0 = Release|x64
		{7CEFE9B8-D277-4C9A-8B0A-FCB1FD12055E}.Release|x86.ActiveCfg = Release|Win32
		{7CEFE9B8-D277-4C9A-8B0A-FCB1FD12055E}.Release|x86.Build.0 = Release|Win32
		{18FE151C-E940-4BD0-8FF6-B99526BFE30E}.Debug|x64.ActiveCfg = Debug|x64
		{18FE151C-E940-4BD0-8FF6-B99526BFE30E}.Debug|x64.Build.0 = Debug|x64
		{18FE151C-E940-4BD0-8FF6-B99526BFE30E}.Debug|x86.ActiveCfg = Debug|Win32
		{18FE151C-E940-4BD0-8FF6-B99526BFE30E}.Debug|x86.Build.0 = Debug|Win32
		{18FE151C-E940-4BD0-8FF6-B99526BFE30E}.Release|x64.ActiveCfg = Release|x64
		{18FE151C-E940-4BD0-8FF6-B99526BFE30E}.Release|x64.Build.0 = Release|x64
		{18FE151C-E940-4BD0-8FF6-B99526BFE30E}.Release|x86.ActiveCfg = Release|Win32
		{18FE151C-E940-4BD0-8FF6-B99526BFE30E}.Release|x86.Build.0 = Release|Win32
		{0A431C75-FF49-443F-9CE8-400D1C2E8931}.Debug|x64.ActiveCfg = Debug|x64
		{0A431C75-FF49-443F-9CE8-400D1C2E8931}.Debug|x64.Build.0 = Debug|x64
		{0A431C75-FF49-443F-9CE8-400D1C2E8931}.Debug|x86.ActiveCfg = Debug|Win32
		{0A431C75-FF49-443F-9CE8-400D1C2E8931}.Debug|x86.Build.0 = Debug|Win32
		{0A431C75-FF49-443F-9CE8-400D1C2E8931}.Release|x64.ActiveCfg = Release|x64
		{0A431C75-FF49-443F-9CE8-400D1C2E8931}.Release|x64.Build.0 = Release|x64
		{0A431C75-FF49-443F-9CE8-400D1C2E8931}.Release|x86.ActiveCfg = Release|Win32
		{0A431C75-FF49-443F-9CE8-400D1C2E8931}.Release|x86.Build.0 = Release|Win32
		{326B5FEF-A896-427B-A929-7CAD2B359C42}.Debug|x64.ActiveCfg = Debug|x64
		{326B5FEF-A896-427B-A929-7CAD2B359C42}.Debug|x64.Build.0 = Debug|x64
		{326B5FEF-A896-427B-A929-7CAD2B359C42}.Debug|x86.ActiveCfg = Debug|Win32
		{326B5FEF-A896-427B-A929-7CAD2B359C42}.Debug|x86.Build.0 = Debug|Win32
		{326B5FEF-A896-427B-A929-7CAD2B359C42}.Release|x64.ActiveCfg = Release|x64
		{326B5FEF-A896-427B-A929-7CAD2B359C42}.Release|x64.Build.0 = Release|x64
		{326B5FEF-A896-427B-A929-7CAD2B359C42}.Release|x86.ActiveCfg = Release|Win32
		{326B5FEF-A896-427B-A929-7CAD2B359C42}.Release|x86.Build.0 = Release|Win32
		{46BB54B6-2D9F-43EF-9D38-860B6F811DFD}.Debug|x64.ActiveCfg = Debug|x64
		{46BB54B6-2D9F-43EF-9D38-860B6F811DFD}.Debug|x64.Build.0 = Debug|x64
		{46BB54B6-2D9F-43EF-9D38-860B6F811DFD}.Debug|x86.ActiveCfg = Debug|Win32
		{46BB54B6-2D9F-43EF-9D38-860B6F811DFD}.Debug|x86.Build.0 = Debug|Win32
		{46BB54B6-2D9F-43EF-9D38-860B6F811DFD}.Release|x64.ActiveCfg = Release|x64
		{46BB54B6-2D9F-43EF-9D38-860B6F811DFD}.Release|x64.Build.0 = Release|x64
		{46BB54B6-2D9F-43EF-9D38-860B6F811DFD}.Release|x86.ActiveCfg = Release|Win32
		{46BB54B6-2D9F-43EF-9D38-860B6F811DFD}.Release|x86.Build.0 = Release|Win32
		{EB9B6220-39D7-42E2-BD8D-BEF55F7BF65F}.Debug|x64.ActiveCfg = Debug|x64
		{EB9B6220-39D7-42E2-BD8D-BEF55F7BF65F}.Debug|x64.Build.0 = Debug|x64
		{EB9B6220-39D7-42E2-BD8D-BEF55F7BF65F}.Debug|x86.ActiveCfg = Debug|Win32
		{EB9B6220-39D7-42E2-BD8D-BEF55F7BF65F}.Debug|x86.Build.0 = Debug|Win32
		{EB9B6220-39D7-42E2-BD8D-BEF55F7BF65F}.Release|x64.ActiveCfg = Release|x64
		{EB9B6220-39D7-42E2-BD8D-BEF55F7BF65F}.Release|x64.Build.0 = Release|x64
		{EB9B6220-39D7-42E2-BD8D-BEF55F7BF65F}.Release|x86.ActiveCfg = Release|Win32
		{EB9B6220-39D7-42E2-BD8D-BEF55F7BF65F}.Release|x86.Build.0 = Release|Win32
		{FFE7A5D7-D6E6-44A1-8F50-3271B7EDCB53}.Debug|x64.ActiveCfg = Debug|x64
		{FFE7A5D7-D6E6-44A1-8F50-3271B7EDCB53}.Debug|x64.Build.0 = Debug|x64
		{FFE7A5D7-D6E6-44A1-8F50-3271B7EDCB53}.Debug|x86.ActiveCfg = Debug|Win32
		{FFE7A5D7-D6E6-44A1-8F50-3271B7EDCB53}.Debug|x86.Build.0 = Debug|Win32
		{FFE7A5D7-D6E6-44A1-8F50-3271B7EDCB53}.Release|x64.ActiveCfg = Release|x64
		{FFE7A5D7-D6E6-44A1-8F50-3271B7EDCB53}.Release|x64.Build.0 = Release|x64
		{FFE7A5D7-D6E6-44A1-8F50-3271B7EDCB53}.Release|x86.ActiveCfg = Release|Win32
		{FFE7A5D7-D6E6-44A1-8F50-3271B7EDCB53}.Release|x86.Build.0 = Release|Win32
		{D1F2BA52-EE63-4997-8897-F0761BC9CEFF}.Debug|x64.ActiveCfg = Debug|x64
		{D1F2BA52-EE63-4997-8897-F0761BC9CEFF}.Debug|x64.Build.0 = Debug|x64
		{D1F2BA52-EE63-4997-8897-F0761BC9CEFF}.Debug|x86.ActiveCfg = Debug|Win32
		{D1F2BA52-EE63-4997-8897-F0761BC9CEFF}.Debug|x86.Build.0 = Debug|Win32
		{D1F2BA52-EE63-4997-8897-F0761BC9CEFF}.Release|x64.ActiveCfg = Release|x64
		{D1F2BA52-EE63-4997-8897-F0761BC9CEFF}.Release|x64.Build.0 = Release|x64
		{D1F2BA52-EE63-4997-8897-F0761BC9CEFF}.Release|x86.ActiveCfg = Release|Win32
		{D1F2BA52-EE63-4997-8897-F0761BC9CEFF}.Release|x86.Build.0 = Release|Win32
		{2DBAE205-E2CD-4BF8-B1C3-F37ACBC28578}.Debug|x64.ActiveCfg = Debug|x64
		{2DBAE205-E2CD-4BF8-B1C3-F37ACBC28578}.Debug|x64.Build.0 = Debug|x64
		{2DBAE205-E2CD-4BF8-B1C3-F37ACBC28578}.Debug|x86.ActiveCfg = Debug|Win32
		{2DBAE205-E2CD-4BF8-B1C3-F37ACBC28578}.Debug|x86.Build.0 = Debug|Win32
		{2DBAE205-E2CD-4BF8-B1C3-F37ACBC28578}.Release|x64.ActiveCfg = Release|x64
		{2DBAE205-E2CD-4BF8-B1C3-F37ACBC28578}.Release|x64.Build.0 = Release|x64
		{2DBAE205-E2CD-4BF8-B1C3-F37ACBC28578}.Release|x86.ActiveCfg = Release|Win32
		{2DBAE205-E2CD-4BF8-B1C3-F37ACBC28578}.Release|x86.Build.0 = Release|Win32
		{F8519175-ABB7-4DB8-AF13-33131DD2D840}.Debug|x64.ActiveCfg = Debug|x64
		{F8519175-ABB7-4DB8-AF13-33131DD2D840}.Debug|x64.Build.0 = Debug|x64
		{F8519175-ABB7-4DB8-AF13-33131DD2D840}.Debug|x86.ActiveCfg = Debug|Win32
		{F8519175-ABB7-4DB8-AF13-33131DD2D840}.Debug|x86.Build.0 = Debug|Win32
		{F8519175-ABB7-4DB8-AF13-33131DD2D840}.Release|x64.ActiveCfg = Release|x64
		{F8519175-ABB7-4DB8-AF13-33131DD2D840}.Release|x64.Build.0 = Release|x64
		{F8519175-ABB7-4DB8-AF13-33131DD2D840}.Release|x86.ActiveCfg = Release|Win32
		{F8519175-ABB7-4DB8-AF13-33131DD2D840}.Release|x86.Build.0 = Release|Win32
		{8FB021BC-8D19-4057-873C-839705B32B03}.Debug|x64.ActiveCfg = Debug|x64
		{8FB021BC-8D19-4057-873C-839705B32B03}.Debug|x64.Build.0 = Debug|x64
		{8FB021BC-8D19-4057-873C-839705B32B03}.Debug|x86.ActiveCfg = Debug|Win32
		{8FB021BC-8D19-4057-873C-839705B32B03}.Debug|x86.Build.0 = Debug|Win32
		{8FB021BC-8D19-4057-873C-839705B32B03}.Release|x64.ActiveCfg = Release|x64
		{8FB021BC-8D19-4057-873C-839705B32B03}.Release|x64.Build.0 = Release|x64
		{8FB021BC-8D19-4057-873C-839705B32B03}.Release|x86.ActiveCfg = Release|Win32
		{8FB021BC-8D19-4057-873C-839705B32B03}.Release|x86.Build.0 = Release|Win32
		{5ADF1681-9D4D-4CCE-8241-59320441DCC8}.Debug|x64.ActiveCfg = Debug|x64
		{5ADF1681-9D4D-4CCE-8241-59320441DCC8}.Debug|x64.Build.0 = Debug|x64
		{5ADF1681-9D4D-4CCE-8241-59320441DCC8}.Debug|x86.ActiveCfg = Debug|Win32
		{5ADF1681-9D4D-4CCE-8241-59320441DCC8}.Debug|x86.Build.0 = Debug|Win32
		{5ADF1681-9D4D-4CCE-8241-59320441DCC8}.Release|x64.ActiveCfg = Release|x64
		{5ADF1681-9D4D-4CCE-8241-59320441DCC8}.Release|x64.Build.0 = Release|x64
		{5ADF1681-9D4D-4CCE-8241-59320441DCC8}.Release|x86.ActiveCfg = Release|Win32
		{5ADF1681-9D4D-4CCE-8241-59320441DCC8}.Release|x86.Build.0 = Release|Win32
		{97463CE2-55E1-4EE8-806F-D94D4F16EE05}.Debug|x64.ActiveCfg = Debug|x64
		{97463CE2-55E1-4EE8-806F-D94D4F16EE05}.Debug|x64.Build.0 = Debug|x64
		{97463CE2-55E1-4EE8-806F-D94D4F16EE05}.Debug|x86.ActiveCfg = Debug|Win32
		{97463CE2-55E1-4EE8-806F-D94D4F16EE05}.Debug|x86.Build.0 = Debug|Win32
		{97463CE2-55E1-4EE8-806F-D94D4F16EE05}.Release|x64.ActiveCfg = Release|x64
		{97463CE2-55E1-4EE8-806F-D94D4F16EE05}.Release|x64.Build.0 = Release|x64
		{97463CE2-55E1-4EE8-806F-D94D4F16EE05}.Release|x86.ActiveCfg = Release|Win32
		{97463CE2-55E1-4EE8-806F-D94D4F16EE05}.Release|x86.Build.0 = Release|Win32
		{27CFC001-2738-4B41-AF3A-D82B32F08C71}.Debug|x64.ActiveCfg = Debug|x64
		{27CFC001-2738-4B41-AF3A-D82B32F08C71}.Debug|x64.Build.0 = Debug|x64
		{27CFC001-2738-4B41-AF3A-D82B32F08C71}.Debug|x86.ActiveCfg = Debug|Win32
		{27CFC001-2738-4B41-AF3A-D82B32F08C71}.Debug|x86.Build.0 = Debug|Win32
		{27CFC001-2738-4B41-AF3A-D82B32F08C71}.Release|x64.ActiveCfg = Release|x64
		{27CFC001-2738-4B41-AF3A-D82B32F08C71}.Release|x64.Build.0 = Release|x64
		{27CFC001-2738-4B41-AF3A-D82B32F08C71}.Release|x86.ActiveCfg = Release|Win32
		{27CFC001-2738-4B41-AF3A-D82B32F08C71}.Release|x86.Build.0 = Release|Win32
		{D7E20281-4364-49B2-B5D6-85887DDD0258}.Debug|x64.ActiveCfg = Debug|x64
		{D7E20281-4364-49B2-B5D6-85887DDD0258}.Debug|x64.Build.0 = Debug|x64
		{D7E20281-4364-49B2-B5D6-85887DDD0258}.Debug|x86.ActiveCfg = Debug|Win32
		{D7E20281-4364-49B2-B5D6-85887DDD0258}.Debug|x86.Build.0 = Debug|Win32
		{D7E20281-4364-49B2-B5D6-85887DDD0258}.Release|x64.ActiveCfg = Release|x64
		{D7E20281-4364-49B2-B5D6-85887DDD0258}.Release|x64.Build.0 = Release|x64
		{D7E20281-4364-49B2-B5D6-85887DDD0258}.Release|x86.ActiveCfg = Release|Win32
		{D7E20281-4364-49B2-B5D6-85887DDD0258}.Release|x86.Build.0 = Release|Win32
		{173BB0CD-ACEC-4831-BDBA-9F8A523FA8EB}.Debug|x64.ActiveCfg = Debug|x64
		{173BB0CD-ACEC-4831-BDBA-9F8A523FA8EB}.Debug|x64.Build.0 = Debug|x64
		{173BB0CD-ACEC-4831-BDBA-9F8A523FA8EB}.Debug|x86.ActiveCfg = Debug|Win32
		{173BB0CD-ACEC-4831-BDBA-9F8A523FA8EB}.Debug|x86.Build.0 = Debug|Win32
		{173BB0CD-ACEC-4831-BDBA-9F8A523FA8EB}.Release|x64.ActiveCfg = Release|x64
		{173BB0CD-ACEC-4831-BDBA-9F8A523FA8EB}.Release|x64.Build.0 = Release|x64
		{173BB0CD-ACEC-4831-BDBA-9F8A523FA8EB}.Release|x86.ActiveCfg = Release|Win32
		{173BB0CD-ACEC-4831-BDBA-9F8A523FA8EB}.Release|x86.Build.0 = Release|Win32
		{6F76C3AC-A8DE-4A64-B273-4D781FA204C1}.Debug|x64.ActiveCfg = Debug|x64
		{6F76C3AC-A8DE-4A64-B273-4D781FA204C1}.Debug|x64.Build.0 = Debug|x64
		{6F76C3AC-A8DE-4A64-B273-4D781FA204C1}.Debug|x86.ActiveCfg = Debug|Win32
		{6F76C3AC-A8DE-4A64-B273-4D781FA204C1}.Debug|x86.Build.0 = Debug|Win32
		{6F76C3AC-A8DE-4A64-B273-4D781FA204C1}.Release|x64.ActiveCfg = Release|x64
		{6F76C3AC-A8DE-4A64-B273-4D781FA204C1}.Release|x64.Build.0 = Release|x64
		{6F76C3AC-A8DE-4A64-B273-4D781FA204C1}.Release|x86.ActiveCfg = Release|Win32
		{6F76C3AC-A8DE-4A64-B273-4D781FA204C1}.Release|x86.Build.0 = Release|Win32
		{6D5E8545-B30F-4209-8D2C-9EE026735544}.Debug|x64.ActiveCfg = Debug|x64
		{6D5E8545-B30F-4209-8D2C-9EE026735544}.Debug|x64.Build.0 = Debug|x64
		{6D5E8545-B30F-4209-8D2C-9EE026735544}.Debug|x86.ActiveCfg = Debug|Win32
		{6D5E8545-B30F-4209-8D2C-9EE026735544}.Debug|x86.Build.0 = Debug|Win32
		{6D5E8545-B30F-4209-8D2C-9EE026735544}.Release|x64.ActiveCfg = Release|x64
		{6D5E8545-B30F-4209-8D2C-9EE026735544}.Release|x64.Build.0 = Release|x64
		{6D5E8545-B30F-4209-8D2C-9EE026735544}.Release|x86.ActiveCfg = Release|Win32
		{6D5E8545-B30F-4209-8D2C-9EE026735544}.Release|x86.Build.0 = Release|Win32
		{671833B3-CACB-4CD2-841A-33C644853B42}.Debug|x64.ActiveCfg = Debug|x64
		{671833B3-CACB-4CD2-841A-33C644853B42}.Debug|x64.Build.0 = Debug|x64
		{671833B3-CACB-4CD2-841A-33C644853B42}.Debug|x86.ActiveCfg = Debug|Win32
		{671833B3-CACB-4CD2-841A-33C644853B42}.Debug|x86.Build.0 = Debug|Win32
		{671833B3-CACB-4CD2-841A-33C644853B42}.Release|x64.ActiveCfg = Release|x64
		{671833B3-CACB-4CD2-841A-33C644853B42}.Release|x64.Build.0 = Release|x64
		{671833B3-CACB-4CD2-841A-33C644853B42}.Release|x86.ActiveCfg = Release|Win32
		{671833B3-CACB-4CD2-841A-33C644853B42}.Release|x86.Build.0 = Release|Win32
		{901B3985-C72B-409D-95EE-59D59C53F873}.Debug|x64.ActiveCfg = Debug|x64
		{901B3985-C72B-409D-95EE-59D59C53F873}.Debug|x64.Build.0 = Debug|x64
		{901B3985-C72B-409D-95EE-59D59C53F873}.Debug|x86.ActiveCfg = Debug|Win32
		{901B3985-C72B-409D-95EE-59D59C53F873}.Debug|x86.Build.0 = Debug|Win32
		{901B3985-C72B-409D-95EE-59D59C53F873}.Release|x64.ActiveCfg = Release|x64
		{901B3985-C72B-409D-95EE-59D59C53F873}.Release|x64.Build.0 = Release|x64
		{901B3985-C72B-409D-95EE-59D59C53F873}.Release|x86.ActiveCfg = Release|Win32
		{901B3985-C72B-409D-95EE-59D59C53F873}.Release|x86.Build.0 = Release|Win32
		{7FCC45C5-56EA-414C-B408-B27A75D70B23}.Debug|x64.ActiveCfg = Debug|x64
		{7FCC45C5-56EA-414C-B408-B27A75D70B23}.Debug|x64.Build.0 = Debug|x64
		{7FCC45C5-56EA-414C-B408-B27A75D70B23}.Debug|x86.ActiveCfg = Debug|Win32
		{7FCC45C5-56EA-414C-B408-B27A75D70B23}.Debug|x86.Build.0 = Debug|Win32
		{7FCC45C5-56EA-414C-B408-B27A75D70B23}.Release|x64.ActiveCfg = Release|x64
		{7FCC45C5-56EA-414C-B408-B27A75D70B23}.Release|x64.Build.0 = Release|x64
		{7FCC45C5-56EA-414C-B408-B27A75D70B23}.Release|x86.ActiveCfg = Release|Win32
		{7FCC45C5-56EA-414C-B408-B27A75D70B23}.Release|x86.Build.0 = Release|Win32
		{C7F2E4FC-B431-4CD7-9CF6-6865D7A3134A}.Debug|x64.ActiveCfg = Debug|x64
		{C7F2E4FC-B431-4CD7-9CF6-6865D7A3134A}.Debug|x64.Build.0 = Debug|x64
		{C7F2E4FC-B431-4CD7-9CF6-6865D7A3134A}.Debug|x86.ActiveCfg = Debug|Win32
		{C7F2E4FC-B431-4CD7-9CF6-6865D7A3134A}.Debug|x86.Build.0 = Debug|Win32
		{C7F2E4FC-B431-4CD7-9CF6-6865D7A3134A}.Release|x64.ActiveCfg = Release|x64
		{C7F2E4FC-B431-4CD7-9CF6-6865D7A3134A}.Release|x64.Build.0 = Release|x64
		{C7F2E4FC-B431-4CD7-9CF6-6865D7A3134A}.Release|x86.ActiveCfg = Release|Win32
		{C7F2E4FC-B431-4CD7-9CF6-6865D7A3134A}.Release|x86.Build.0 = Release|Win32
		{94D46115-A0D0-4FCE-879A-753C18E0C9ED}.Debug|x64.ActiveCfg = Debug|x64
		{94D46115-A0D0-4FCE-879A-753C18E0C9ED}.Debug|x64.Build.0 = Debug|x64
		{94D46115-A0D0-4FCE-879A-753C18E0C9ED}.Debug|x86.ActiveCfg = Debug|Win32
		{94D46115-A0D0-4FCE-879A-753C18E0C9ED}.Debug|x86.Build.0 = Debug|Win32
		{94D46115-A0D0-4FCE-879A-753C18E0C9ED}.Release|x64.ActiveCfg = Release|x64
		{94D46115-A0D0-4FCE-879A-753C18E0C9ED}.Release|x64.Build.0 = Release|x64
		{94D46115-A0D0-4FCE-879A-753C18E0C9ED}.Release|x86.ActiveCfg = Release|Win32
		{94D46115-A0D0-4FCE-879A-753C18E0C9ED}.Release|x86.Build.0 = Release|Win32
		{E952B8D3-FF3B-446B-A69A-55808CE11C52}.Debug|x64.ActiveCfg = Debug|x64
		{E952B8D3-FF3B-446B-A69A-55808CE11C52}.Debug|x64.Build.0 = Debug|x64
		{E952B8D3-FF3B-446B-A69A-55808CE11C52}.Debug|x86.ActiveCfg = Debug|Win32
		{E952B8D3-FF3B-446B-A69A-55808CE11C52}.Debug|x86.Build.0 = Debug|Win32
		{E952B8D3-FF3B-446B-A69A-55808CE11C52}.Release|x64.ActiveCfg = Release|x64
		{E952B8D3-FF3B-446B-A69A-55808CE11C52}.Release|x64.Build.0 = Release|x64
		{E952B8D3-FF3B-446B-A69A-55808CE11C52}.Release|x86.ActiveCfg = Release|Win32
		{E952B8D3-FF3B-446B-A69A-55808CE11C52}.Release|x86.Build.0 = Release|Win32
		{59173CB5-5E90-42B0-A0F5-0B2A6D3C8E12}.Debug|x64.ActiveCfg = Debug|x64
		{59173CB5-5E90-42B0-A0F5-0B2A6D3C8E12}.Debug|x64.Build.0 = Debug|x64
		{59173CB5-5E90-42B0-A0F5-0B2A6D3C8E12}.Debug|x86.ActiveCfg = Debug|Win32
		{59173CB5-5E90-42B0-A0F5-0B2A6D3C8E12}.Debug|x86.Build.0 = Debug|Win32
		{59173CB5-5E90-42B0-A0F5-0B2A6D3C8E12}.Release|x64.ActiveCfg = Release|x64
		{59173CB5-5E90-42B0-A0F5-0B2A6D3C8E12}.Release|x64.Build.0 = Release|x64
		{59173CB5-5E90-42B0-A0F5-0B2A6D3C8E12}.Release|x86.ActiveCfg = Release|Win32
		{59173CB5-5E90-42B0-A0F5-0B2A6D3C8E12}.Release|x86.Build.0 = Release|Win32
		{25F3C06B-33DD-4BBC-9CB7-BAE9BCC28F05}.Debug|x64.ActiveCfg = Debug|x64
		{25F3C06B-33DD-4BBC-9CB7-BAE9BCC28F05}.Debug|x64.Build.0 = Debug|x64
		{25F3C06B-33DD-4BBC-9CB7-BAE9BCC28F05}.Debug|x86.ActiveCfg = Debug|Win32
		{25F3C06B-33DD-4BBC-9CB7-BAE9BCC28F05}.Debug|x86.Build.0 = Debug|Win32
		{25F3C06B-33DD-4BBC-9CB7-BAE9BCC28F05}.Release|x64.ActiveCfg = Release|x64
		{25F3C06B-33DD-4BBC-9CB7-BAE9BCC28F05}.Release|x64.Build.0 = Release|x64
		{25F3C06B-33DD-4BBC-9CB7-BAE9BCC28F05}.Release|x86.ActiveCfg = Release|Win32
		{25F3C06B-33DD-4BBC-9CB7-BAE9BCC28F05}.Release|x86.Build.0 = Release|Win32
		{D9C3271A-21CA-4AB1-9EF5-D5B65828095D}.Debug|x64.ActiveCfg = Debug|x64
		{D9C3271A-21CA-4AB1-9EF5-D5B65828095D}.Debug|x64.Build.0 = Debug|x64
		{D9C3271A-21CA-4AB1-9EF5-D5B65828095D}.Debug|x86.ActiveCfg = Debug|Win32
		{D9C3271A-21CA-4AB1-9EF5-D5B65828095D}.Debug|x86.Build.0 = Debug|Win32
		{D9C3271A-21CA-4AB1-9EF5-D5B65828095D}.Release|x64.ActiveCfg = Release|x64
		{D9C3271A-21CA-4AB1-9EF5-D5B65828095D}.Release|x64.Build.0 = Release|x64
		{D9C3271A-21CA-4AB1-9EF5-D5B65828095D}.Release|x86.ActiveCfg = Release|Win32
		{D9C3271A-21CA-4AB1-9EF5-D5B65828095D}.Release|x86.Build.0 = Release|Win32
		{DAC0BC8D-AB2C-49BD-8AB3-023F0B8811EE}.Debug|x64.ActiveCfg = Debug|x64
		{DAC0BC8D-AB2C-49BD-8AB3-023F0B8811EE}.Debug|x64.Build.0 = Debug|x64
		{DAC0BC8D-AB2C-49BD-8AB3-023F0B8811EE}.Debug|x86.ActiveCfg = Debug|Win32
		{DAC0BC8D-AB2C-49BD-8AB3-023F0B8811EE}.Debug|x86.Build.0 = Debug|Win32
		{DAC0BC8D-AB2C-49BD-8AB3-023F0B8811EE}.Release|x64.ActiveCfg = Release|x64
		{DAC0BC8D-AB2C-49BD-8AB3-023F0B8811EE}.Release|x64.Build.0 = Release|x64
		{DAC0BC8D-AB2C-49BD-8AB3-023F0B8811EE}.Release|x86.ActiveCfg = Release|Win32
		{DAC0BC8D-AB2C-49BD-8AB3-023F0B8811EE}.Release|x86.Build.0 = Release|Win32
		{3E77B107-449E-4CA3-9DAE-24851D7F125D}.Debug|x64.ActiveCfg = Debug|x64
		{3E77B107-449E-4CA3-9DAE-24851D7F125D}.Debug|x64.Build.0 = Debug|x64
		{3E77B107-449E-4CA3-9DAE-24851D7F125D}.Debug|x86.ActiveCfg = Debug|Win32
		{3E77B107-449E-4CA3-9DAE-24851D7F125D}.Debug|x86.Build.0 = Debug|Win32
		{3E77B107-449E-4CA3-9DAE-24851D7F125D}.Release|x64.ActiveCfg = Release|x64
		{3E77B107-449E-4CA3-9DAE-24851D7F125D}.Release|x64.Build.0 = Release|x64
		{3E77B107-449E-4CA3-9DAE-24851D7F125D}.Release|x86.ActiveCfg = Release|Win32
		{3E77B107-449E-4CA3-9DAE-24851D7F125D}.Release|x86.Build.0 = Release|Win32
		{9617D251-15F0-4DD7-AD57-A291B67D19E0}.Debug|x64.ActiveCfg = Debug|x64
		{9617D251-15F0-4DD7-AD57-A291B67D19E0}.Debug|x64.Build.0 = Debug|x64
		{9617D251-15F0-4DD7-AD57-A291B67D19E0}.Debug|x86.ActiveCfg = Debug|Win32
		{9617D251-15F0-4DD7-AD57-A291B67D19E0}.Debug|x86.Build.0 = Debug|Win32
		{9617D251-15F0-4DD7-AD57-A291B67D19E0}.Release|x64.ActiveCfg = Release|x64
		{9617D251-15F0-4DD7-AD57-A291B67D19E0}.Release|x64.Build.0 = Release|x64
		{9617D251-15F0-4DD7-AD57-A291B67D19E0}.Release|x86.ActiveCfg = Release|Win32
		{9617D251-15F0-4DD7-AD57-A291B67D19E0}.Release|x86.Build.0 = Release|Win32
		{4CE9A0D7-4939-4A21-AE4E-06BA384C097C}.Debug|x64.ActiveCfg = Debug|x64
		{4CE9A0D7-4939-4A21-AE4E-06BA384C097C}.Debug|x64.Build.0 = Debug|x64
		{4CE9A0D7-4939-4A21-AE4E-06BA384C097C}.Debug|x86.ActiveCfg = Debug|Win32
		{4CE9A0D7-4939-4A21-AE4E-06BA384C097C}.Debug|x86.Build.0 = Debug|Win32
		{4CE9A0D7-4939-4A21-AE4E-06BA384C097C}.Release|x64.ActiveCfg = Release|x64
		{4CE9A0D7-4939-4A21-AE4E-06BA384C097C}.Release|x64.Build.0 = Release|x64
		{4CE9A0D7-4939-4A21-AE4E-06BA384C097C}.Release|x86.ActiveCfg = Release|Win32
		{4CE9A0D7-4939-4A21-AE4E-06BA384C097C}.Release|x86.Build.0 = Release|Win32
	EndGlobalSection
	GlobalSection(SolutionProperties) = preSolution
		HideSolutionNode = FALSE
	EndGlobalSection
EndGlobal
